{
  "nodes": {
    "automatic-ripping-machine": {
      "inputs": {
        "nixpkgs": "nixpkgs",
        "pydvdid": "pydvdid"
      },
      "locked": {
        "dir": "nixos",
        "lastModified": 1753805697,
        "narHash": "sha256-wg8p7JQWXHt3rW/cEvjswGsuAB0Pw5WdxtBlWEfrYpU=",
        "owner": "xieve",
        "repo": "automatic-ripping-machine",
        "rev": "fc8fb16a444353f1b8b896955cbfff371de7fdb9",
        "type": "github"
      },
      "original": {
        "dir": "nixos",
        "owner": "xieve",
        "ref": "dev",
        "repo": "automatic-ripping-machine",
        "type": "github"
      }
    },
    "fasttext-lid": {
      "flake": false,
      "locked": {
        "narHash": "sha256-VaSq/ck96YaT7VJmkYnBRbqfsq1DaDnDV09/YnZSeJA=",
        "type": "file",
        "url": "https://dl.fbaipublicfiles.com/fasttext/supervised-models/lid.176.bin"
      },
      "original": {
        "type": "file",
        "url": "https://dl.fbaipublicfiles.com/fasttext/supervised-models/lid.176.bin"
      }
    },
    "flake-compat": {
      "flake": false,
      "locked": {
        "lastModified": 1747046372,
        "narHash": "sha256-CIVLLkVgvHYbgI2UpXvIIBJ12HWgX+fjA8Xf8PUmqCY=",
        "owner": "edolstra",
        "repo": "flake-compat",
        "rev": "9100a0f413b0c601e0533d1d94ffd501ce2e7885",
        "type": "github"
      },
      "original": {
        "owner": "edolstra",
        "repo": "flake-compat",
        "type": "github"
      }
    },
    "flake-utils": {
      "inputs": {
        "systems": "systems"
      },
      "locked": {
        "lastModified": 1731533236,
        "narHash": "sha256-l0KFg5HjrsfsO/JpG+r7fRrqm12kzFHyUHqHCVpMMbI=",
        "owner": "numtide",
        "repo": "flake-utils",
        "rev": "11707dc2f618dd54ca8739b309ec4fc024de578b",
        "type": "github"
      },
      "original": {
        "owner": "numtide",
        "repo": "flake-utils",
        "type": "github"
      }
    },
    "home-assistant-card-big-slider": {
      "flake": false,
      "locked": {
        "lastModified": 1707392961,
        "narHash": "sha256-V0lYPI15uGakQhNDVhTy4sTTScn+PfaztRCb6lTAGh0=",
        "owner": "nicufarmache",
        "repo": "lovelace-big-slider-card",
        "rev": "d1556bdf2bf28274ce35b7e6ff65f5cb60b66c2a",
        "type": "github"
      },
      "original": {
        "owner": "nicufarmache",
        "repo": "lovelace-big-slider-card",
        "type": "github"
      }
    },
    "home-assistant-node-red": {
      "flake": false,
      "locked": {
        "lastModified": 1735513244,
        "narHash": "sha256-F+EIz5gLGi5WGO7jPeKl/ybXF320szKuuXyJtQyD8ME=",
        "owner": "zachowj",
        "repo": "hass-node-red",
        "rev": "943d298a67fb99f3cd8ee665339f1fda90d75039",
        "type": "github"
      },
      "original": {
        "owner": "zachowj",
        "repo": "hass-node-red",
        "type": "github"
      }
    },
    "home-assistant-theme-bubble": {
      "flake": false,
      "locked": {
        "lastModified": 1737710738,
        "narHash": "sha256-XaU929WNHyBms+BC3KA9TnMXQ2vWfMMpH7dMHqDhJsg=",
        "owner": "Clooos",
        "repo": "Bubble",
        "rev": "b93de431ba1cada93a7bbc7aef01120ffca0d461",
        "type": "github"
      },
      "original": {
        "owner": "Clooos",
        "repo": "Bubble",
        "type": "github"
      }
    },
    "home-assistant-theme-material-you": {
      "flake": false,
      "locked": {
        "lastModified": 1754718449,
        "narHash": "sha256-fsuU+9Xe0L7SJy+vg09Dol6K/7oeFylzWIcbcLeRVts=",
        "owner": "Nerwyn",
        "repo": "material-rounded-theme",
        "rev": "7f403e59c6410b206308848f67ebc4050b522257",
        "type": "github"
      },
      "original": {
        "owner": "Nerwyn",
        "repo": "material-rounded-theme",
        "type": "github"
      }
    },
    "lattice-diamond": {
      "flake": false,
      "locked": {
        "narHash": "sha256-T2b5ulnJJwyljoFc1VvqAOoqPMyyhLKMDe7JrXojs28=",
        "type": "file",
        "url": "https://files.latticesemi.com/Diamond/3.13/diamond_3_13-base-56-2-x86_64-linux.rpm"
      },
      "original": {
        "narHash": "sha256-T2b5ulnJJwyljoFc1VvqAOoqPMyyhLKMDe7JrXojs28=",
        "type": "file",
        "url": "https://files.latticesemi.com/Diamond/3.13/diamond_3_13-base-56-2-x86_64-linux.rpm"
      }
    },
    "localtuya": {
      "flake": false,
      "locked": {
        "lastModified": 1746690635,
        "narHash": "sha256-qqhbSSaHWXzqBZO1CIahXMx7xcQCjvdWfVFoGaKP8ko=",
        "owner": "rospogrigio",
        "repo": "localtuya",
        "rev": "9eabc43da2414fbb96904fa3a2f4c922fae68e21",
        "type": "github"
      },
      "original": {
        "owner": "rospogrigio",
        "repo": "localtuya",
        "type": "github"
      }
    },
    "nix-index-database": {
      "inputs": {
        "nixpkgs": [
          "nixpkgs"
        ]
      },
      "locked": {
        "lastModified": 1754800038,
        "narHash": "sha256-UbLO8/0pVBXLJuyRizYOJigtzQAj8Z2bTnbKSec/wN0=",
        "owner": "nix-community",
        "repo": "nix-index-database",
        "rev": "b65f8d80656f9fcbd1fecc4b7f0730f468333142",
        "type": "github"
      },
      "original": {
        "owner": "nix-community",
        "repo": "nix-index-database",
        "type": "github"
      }
    },
    "nix-vscode-extensions": {
      "inputs": {
        "flake-utils": "flake-utils",
        "nixpkgs": "nixpkgs_2"
      },
      "locked": {
        "lastModified": 1754792811,
        "narHash": "sha256-AykbHn8kgpILEIexYVBJBC/zD3E+Fh6fAY1j1+S51fw=",
        "owner": "nix-community",
        "repo": "nix-vscode-extensions",
        "rev": "9d8125d53aa4a329ed82a6856831b085cb0f298d",
        "type": "github"
      },
      "original": {
        "owner": "nix-community",
        "repo": "nix-vscode-extensions",
        "type": "github"
      }
    },
    "nixos-hardware-warmplace": {
      "locked": {
        "lastModified": 1736237814,
        "narHash": "sha256-uTdscVaKjnRnBIMuu/oWwdiGhYd/JOQ4YZGHeCoroqs=",
        "owner": "nixos",
        "repo": "nixos-hardware",
        "rev": "ca30f8501ab452ca687a7fdcb2d43e1fb1732317",
        "type": "github"
      },
      "original": {
        "owner": "nixos",
        "repo": "nixos-hardware",
        "rev": "ca30f8501ab452ca687a7fdcb2d43e1fb1732317",
        "type": "github"
      }
    },
    "nixos-hardware-zerosum": {
      "locked": {
        "lastModified": 1746468201,
        "narHash": "sha256-hSOSlrvMJwGr8hX/gc0mnhUf5UIClMDUAadfXlSXzfc=",
        "owner": "nixos",
        "repo": "nixos-hardware",
        "rev": "6aabf68429c0a414221d1790945babfb6a0bd068",
        "type": "github"
      },
      "original": {
        "owner": "nixos",
        "repo": "nixos-hardware",
        "rev": "6aabf68429c0a414221d1790945babfb6a0bd068",
        "type": "github"
      }
    },
    "nixos-wsl": {
      "inputs": {
        "flake-compat": "flake-compat",
        "nixpkgs": "nixpkgs_3"
      },
      "locked": {
        "lastModified": 1754326498,
        "narHash": "sha256-3ynDaygIzQYlBZFHGDeQzXmPkX2ILeZ0wWJ84FR4g7E=",
        "owner": "nix-community",
        "repo": "NixOS-WSL",
        "rev": "ca55236cd9ef3cdea29b51a0b52a9402c60e9a27",
        "type": "github"
      },
      "original": {
        "owner": "nix-community",
        "repo": "NixOS-WSL",
        "type": "github"
      }
    },
    "nixpkgs": {
      "locked": {
        "lastModified": 1753345091,
        "narHash": "sha256-CdX2Rtvp5I8HGu9swBmYuq+ILwRxpXdJwlpg8jvN4tU=",
        "owner": "nixos",
        "repo": "nixpkgs",
        "rev": "3ff0e34b1383648053bba8ed03f201d3466f90c9",
        "type": "github"
      },
      "original": {
        "owner": "nixos",
        "ref": "nixos-25.05",
        "repo": "nixpkgs",
        "type": "github"
      }
    },
    "nixpkgs_2": {
      "locked": {
        "lastModified": 1744868846,
        "narHash": "sha256-5RJTdUHDmj12Qsv7XOhuospjAjATNiTMElplWnJE9Hs=",
        "owner": "NixOS",
        "repo": "nixpkgs",
        "rev": "ebe4301cbd8f81c4f8d3244b3632338bbeb6d49c",
        "type": "github"
      },
      "original": {
        "owner": "NixOS",
        "repo": "nixpkgs",
        "rev": "ebe4301cbd8f81c4f8d3244b3632338bbeb6d49c",
        "type": "github"
      }
    },
    "nixpkgs_3": {
      "locked": {
        "lastModified": 1754214453,
        "narHash": "sha256-Q/I2xJn/j1wpkGhWkQnm20nShYnG7TI99foDBpXm1SY=",
        "owner": "NixOS",
        "repo": "nixpkgs",
        "rev": "5b09dc45f24cf32316283e62aec81ffee3c3e376",
        "type": "github"
      },
      "original": {
        "owner": "NixOS",
        "ref": "nixos-unstable",
        "repo": "nixpkgs",
        "type": "github"
      }
    },
    "nixpkgs_4": {
      "locked": {
        "lastModified": 1754772842,
        "narHash": "sha256-aKmIQcvT857VRc3XbLvsuMdLeUuYfz+8zQ4eTXe78KE=",
        "owner": "nixos",
        "repo": "nixpkgs",
        "rev": "1ef586712f85b4b004caecd385d6b023e7fd2450",
        "type": "github"
      },
      "original": {
        "owner": "nixos",
        "ref": "nixpkgs-unstable",
        "repo": "nixpkgs",
        "type": "github"
      }
    },
    "pydvdid": {
      "flake": false,
      "locked": {
        "lastModified": 1516844103,
        "narHash": "sha256-PuhkXu62bc/9n2swaKe/O759xCyJ3LrHCJISbWzSUtk=",
        "owner": "sjwood",
        "repo": "pydvdid",
        "rev": "03914fb7e24283c445e5af724f9d919b23caaf95",
        "type": "github"
      },
      "original": {
        "owner": "sjwood",
        "ref": "v1.1",
        "repo": "pydvdid",
        "type": "github"
      }
    },
    "root": {
      "inputs": {
        "automatic-ripping-machine": "automatic-ripping-machine",
        "fasttext-lid": "fasttext-lid",
        "home-assistant-card-big-slider": "home-assistant-card-big-slider",
        "home-assistant-node-red": "home-assistant-node-red",
        "home-assistant-theme-bubble": "home-assistant-theme-bubble",
        "home-assistant-theme-material-you": "home-assistant-theme-material-you",
        "lattice-diamond": "lattice-diamond",
        "localtuya": "localtuya",
        "nix-index-database": "nix-index-database",
        "nix-vscode-extensions": "nix-vscode-extensions",
        "nixos-hardware-warmplace": "nixos-hardware-warmplace",
        "nixos-hardware-zerosum": "nixos-hardware-zerosum",
        "nixos-wsl": "nixos-wsl",
        "nixpkgs": "nixpkgs_4"
      }
    },
    "systems": {
      "locked": {
        "lastModified": 1681028828,
        "narHash": "sha256-Vy1rq5AaRuLzOxct8nz4T6wlgyUR7zLU309k9mBC768=",
        "owner": "nix-systems",
        "repo": "default",
        "rev": "da67096a3b9bf56a91d16901293e51ba5b49a27e",
        "type": "github"
      },
      "original": {
        "owner": "nix-systems",
        "repo": "default",
        "type": "github"
      }
    }
  },
  "root": "root",
  "version": 7
}
