{
  "nodes": {
    "automatic-ripping-machine": {
      "inputs": {
        "nixpkgs": "nixpkgs",
        "pydvdid": "pydvdid"
      },
      "locked": {
        "dir": "nixos",
        "lastModified": 1778054844,
        "narHash": "sha256-5SVtk7snFq+yZdMS+8ZuZbtyEOHokfMU6TK1zX+5y3k=",
        "owner": "xieve",
        "repo": "automatic-ripping-machine",
        "rev": "76effcc6f1694f9a24b9b8a9565c2d19bb14188b",
        "type": "github"
      },
      "original": {
        "dir": "nixos",
        "owner": "xieve",
        "ref": "dev",
        "repo": "automatic-ripping-machine",
        "type": "github"
      }
    },
    "fasttext-lid": {
      "flake": false,
      "locked": {
        "narHash": "sha256-VaSq/ck96YaT7VJmkYnBRbqfsq1DaDnDV09/YnZSeJA=",
        "type": "file",
        "url": "https://dl.fbaipublicfiles.com/fasttext/supervised-models/lid.176.bin"
      },
      "original": {
        "type": "file",
        "url": "https://dl.fbaipublicfiles.com/fasttext/supervised-models/lid.176.bin"
      }
    },
    "flake-compat": {
      "locked": {
        "lastModified": 1733328505,
        "narHash": "sha256-NeCCThCEP3eCl2l/+27kNNK7QrwZB1IJCrXfrbv5oqU=",
        "rev": "ff81ac966bb2cae68946d5ed5fc4994f96d0ffec",
        "revCount": 69,
        "type": "tarball",
        "url": "https://api.flakehub.com/f/pinned/edolstra/flake-compat/1.1.0/01948eb7-9cba-704f-bbf3-3fa956735b52/source.tar.gz"
      },
      "original": {
        "type": "tarball",
        "url": "https://flakehub.com/f/edolstra/flake-compat/1.tar.gz"
      }
    },
    "flake-compat_2": {
      "flake": false,
      "locked": {
        "lastModified": 1767039857,
        "narHash": "sha256-vNpUSpF5Nuw8xvDLj2KCwwksIbjua2LZCqhV1LNRDns=",
        "owner": "edolstra",
        "repo": "flake-compat",
        "rev": "5edf11c44bc78a0d334f6334cdaf7d60d732daab",
        "type": "github"
      },
      "original": {
        "owner": "edolstra",
        "repo": "flake-compat",
        "type": "github"
      }
    },
    "flake-utils": {
      "inputs": {
        "systems": "systems"
      },
      "locked": {
        "lastModified": 1731533236,
        "narHash": "sha256-l0KFg5HjrsfsO/JpG+r7fRrqm12kzFHyUHqHCVpMMbI=",
        "owner": "numtide",
        "repo": "flake-utils",
        "rev": "11707dc2f618dd54ca8739b309ec4fc024de578b",
        "type": "github"
      },
      "original": {
        "owner": "numtide",
        "repo": "flake-utils",
        "type": "github"
      }
    },
    "forge-src": {
      "flake": false,
      "locked": {
        "lastModified": 1779727551,
        "narHash": "sha256-b4rbxx1KoedgfvSlJmCblm8hqKwgAZR6rX/a+w8vZgc=",
        "owner": "enklht",
        "repo": "forge",
        "rev": "2545063617f51ab15a8caaac8526039e471e996f",
        "type": "github"
      },
      "original": {
        "owner": "enklht",
        "ref": "fix-workspace-remove",
        "repo": "forge",
        "type": "github"
      }
    },
    "home-assistant-card-scheduler": {
      "flake": false,
      "locked": {
        "lastModified": 1782793300,
        "narHash": "sha256-fHU5qhBbtSkEtHDQacgd6R1U+NV55VtPqfX8M56uUnw=",
        "owner": "nielsfaber",
        "repo": "scheduler-card",
        "rev": "cea94b7844f13fed91e0fc7e624a18cbc107a91b",
        "type": "github"
      },
      "original": {
        "owner": "nielsfaber",
        "repo": "scheduler-card",
        "type": "github"
      }
    },
    "home-assistant-component-scheduler": {
      "flake": false,
      "locked": {
        "lastModified": 1772350071,
        "narHash": "sha256-nb8KFTsZJduIt8E76NXvvKToOO1qinNsuRxkdn+/YE4=",
        "owner": "nielsfaber",
        "repo": "scheduler-component",
        "rev": "71cab7b7b76502b7f30b202463e3d89b7eff7ad6",
        "type": "github"
      },
      "original": {
        "owner": "nielsfaber",
        "repo": "scheduler-component",
        "type": "github"
      }
    },
    "home-assistant-lovelace-module-material-you": {
      "flake": false,
      "locked": {
        "lastModified": 1785026010,
        "narHash": "sha256-jA27OFyEmxJ8wfOuw54omp87o+ckBvQmznv1cvCM/3o=",
        "owner": "Nerwyn",
        "repo": "material-you-utilities",
        "rev": "4f0bbcc1430a164fc006e98aee41e255418c32fc",
        "type": "github"
      },
      "original": {
        "owner": "Nerwyn",
        "repo": "material-you-utilities",
        "type": "github"
      }
    },
    "home-assistant-material-symbols": {
      "flake": false,
      "locked": {
        "lastModified": 1784948485,
        "narHash": "sha256-y3wMWCb3iEkeGCSKBhf49zWj4z6VCnv43OghgP0WOwM=",
        "owner": "beecho01",
        "repo": "material-symbols",
        "rev": "0adb53b487f61eecad3508984a7f559a37787b2a",
        "type": "github"
      },
      "original": {
        "owner": "beecho01",
        "repo": "material-symbols",
        "type": "github"
      }
    },
    "home-assistant-node-red": {
      "flake": false,
      "locked": {
        "lastModified": 1784878149,
        "narHash": "sha256-/jJT16bApfdczOFeOAXyGeS8RtPT+s4KfqQ4pcZ+s0s=",
        "owner": "zachowj",
        "repo": "hass-node-red",
        "rev": "31628af5aea355363b16b23c939f95cc69659c86",
        "type": "github"
      },
      "original": {
        "owner": "zachowj",
        "repo": "hass-node-red",
        "type": "github"
      }
    },
    "home-assistant-theme-material-you": {
      "flake": false,
      "locked": {
        "lastModified": 1782097639,
        "narHash": "sha256-BN/EZYZTgxAqdm2wTt4witxpwcpFewuetMrb6bio/LY=",
        "owner": "Nerwyn",
        "repo": "material-rounded-theme",
        "rev": "076931b584edf70a1536999d890aeecb395b1296",
        "type": "github"
      },
      "original": {
        "owner": "Nerwyn",
        "repo": "material-rounded-theme",
        "type": "github"
      }
    },
    "hydrui": {
      "inputs": {
        "flake-utils": "flake-utils",
        "nixpkgs": [
          "nixpkgs"
        ]
      },
      "locked": {
        "lastModified": 1779256269,
        "narHash": "sha256-2MhiKBCu/CB0iIbErqf4P5sMdsBmc/QKQSicr/97lBI=",
        "owner": "hydrui",
        "repo": "hydrui",
        "rev": "2bf54feaa84077ee7f5482737b2fcaadc8a75aba",
        "type": "github"
      },
      "original": {
        "owner": "hydrui",
        "repo": "hydrui",
        "type": "github"
      }
    },
    "hydrus": {
      "inputs": {
        "flake-compat": "flake-compat",
        "nixpkgs": [
          "nixpkgs"
        ]
      },
      "locked": {
        "lastModified": 1785080829,
        "narHash": "sha256-bIcaDKhwSGzdHSZiMcLy/DVbaJyOZJbND3wylbkGHJQ=",
        "owner": "hydrui",
        "repo": "hydrus-nix",
        "rev": "bcac95814433913e9e5926c407686e31a3063276",
        "type": "github"
      },
      "original": {
        "owner": "hydrui",
        "repo": "hydrus-nix",
        "type": "github"
      }
    },
    "localtuya": {
      "flake": false,
      "locked": {
        "lastModified": 1769684576,
        "narHash": "sha256-PmgyKjmEeBXz676ev24JemruCzj2OpVMBUfZv1HIxaM=",
        "owner": "rospogrigio",
        "repo": "localtuya",
        "rev": "59c95cd06c2696afc98f6bc52d5fa060f3c517da",
        "type": "github"
      },
      "original": {
        "owner": "rospogrigio",
        "repo": "localtuya",
        "type": "github"
      }
    },
    "nix-index-database": {
      "inputs": {
        "nixpkgs": [
          "nixpkgs"
        ]
      },
      "locked": {
        "lastModified": 1785046085,
        "narHash": "sha256-UiK+mmZJuLWQVhJ5b2wDzogIYWAesyRm6LA3h3Ulh3Y=",
        "owner": "nix-community",
        "repo": "nix-index-database",
        "rev": "11665045df8b9938ef811a3bfdc65cffb02b4b70",
        "type": "github"
      },
      "original": {
        "owner": "nix-community",
        "repo": "nix-index-database",
        "type": "github"
      }
    },
    "nix-vscode-extensions": {
      "inputs": {
        "nixpkgs": "nixpkgs_2"
      },
      "locked": {
        "lastModified": 1785123958,
        "narHash": "sha256-aA8MsHUcw/s65gGVhp1B/0OdnFIQDqnWXdL4g5UIAjs=",
        "owner": "nix-community",
        "repo": "nix-vscode-extensions",
        "rev": "bced02518f7bfc62084db783c19e527541a44b53",
        "type": "github"
      },
      "original": {
        "owner": "nix-community",
        "repo": "nix-vscode-extensions",
        "type": "github"
      }
    },
    "nixos-hardware-warmplace": {
      "locked": {
        "lastModified": 1736237814,
        "narHash": "sha256-uTdscVaKjnRnBIMuu/oWwdiGhYd/JOQ4YZGHeCoroqs=",
        "owner": "nixos",
        "repo": "nixos-hardware",
        "rev": "ca30f8501ab452ca687a7fdcb2d43e1fb1732317",
        "type": "github"
      },
      "original": {
        "owner": "nixos",
        "repo": "nixos-hardware",
        "rev": "ca30f8501ab452ca687a7fdcb2d43e1fb1732317",
        "type": "github"
      }
    },
    "nixos-hardware-zerosum": {
      "locked": {
        "lastModified": 1775928525,
        "narHash": "sha256-2Z+NLTIcG8jMbVG9ZgB7w2wM7LVT2wC6chJIEHp848A=",
        "owner": "nixos",
        "repo": "nixos-hardware",
        "rev": "7dd4ad06e9b42c2de422a082f0b7d1dbe8aff1d3",
        "type": "github"
      },
      "original": {
        "owner": "nixos",
        "repo": "nixos-hardware",
        "rev": "7dd4ad06e9b42c2de422a082f0b7d1dbe8aff1d3",
        "type": "github"
      }
    },
    "nixos-wsl": {
      "inputs": {
        "flake-compat": "flake-compat_2",
        "nixpkgs": "nixpkgs_3"
      },
      "locked": {
        "lastModified": 1784642409,
        "narHash": "sha256-hcbDqFuySAJawljt5r0sKBCJKYnbtGD0T/ZIozH1Dq0=",
        "owner": "nix-community",
        "repo": "NixOS-WSL",
        "rev": "eaeb18da90024448a60eb1ec7132eafa4003404e",
        "type": "github"
      },
      "original": {
        "owner": "nix-community",
        "repo": "NixOS-WSL",
        "type": "github"
      }
    },
    "nixpkgs": {
      "locked": {
        "lastModified": 1770019141,
        "narHash": "sha256-VKS4ZLNx4PNrABoB0L8KUpc1fE7CLpQXQs985tGfaCU=",
        "owner": "nixos",
        "repo": "nixpkgs",
        "rev": "cb369ef2efd432b3cdf8622b0ffc0a97a02f3137",
        "type": "github"
      },
      "original": {
        "owner": "nixos",
        "ref": "nixos-unstable",
        "repo": "nixpkgs",
        "type": "github"
      }
    },
    "nixpkgs-unstable": {
      "locked": {
        "lastModified": 1785090369,
        "narHash": "sha256-m0pDuRJG7EDo9ri+4Ksu83VsI+PlxNC9lNBfydejce4=",
        "owner": "nixos",
        "repo": "nixpkgs",
        "rev": "624af665418d3c65d544145b4d34ad696439570e",
        "type": "github"
      },
      "original": {
        "owner": "nixos",
        "ref": "nixos-unstable",
        "repo": "nixpkgs",
        "type": "github"
      }
    },
    "nixpkgs_2": {
      "locked": {
        "lastModified": 1784564315,
        "narHash": "sha256-7OpsHHIZFUBLbeHNQ0oC40DZRQjsmGWodXge+OqgPgk=",
        "owner": "nixos",
        "repo": "nixpkgs",
        "rev": "0c2094806c9e542f31785ef3569ab9e900e3ce9c",
        "type": "github"
      },
      "original": {
        "owner": "nixos",
        "repo": "nixpkgs",
        "rev": "0c2094806c9e542f31785ef3569ab9e900e3ce9c",
        "type": "github"
      }
    },
    "nixpkgs_3": {
      "locked": {
        "lastModified": 1783776592,
        "narHash": "sha256-UgCQzxeWI75XM8G+hPrPh+MKzEPjG3SpAj7dtqSbksA=",
        "owner": "NixOS",
        "repo": "nixpkgs",
        "rev": "e7a3ca8092b61ff85b6a45bf863ea2b2d6a661b3",
        "type": "github"
      },
      "original": {
        "owner": "NixOS",
        "ref": "nixos-unstable",
        "repo": "nixpkgs",
        "type": "github"
      }
    },
    "nixpkgs_4": {
      "locked": {
        "lastModified": 1785104993,
        "narHash": "sha256-eKbrvPoAOFutbYMdbB3r5EQVmFxKv24iKqHPPUXA0gM=",
        "owner": "nixos",
        "repo": "nixpkgs",
        "rev": "8623c4c20aa4ca2f5fb81510d2944066c3fb0d96",
        "type": "github"
      },
      "original": {
        "owner": "nixos",
        "ref": "nixos-26.05",
        "repo": "nixpkgs",
        "type": "github"
      }
    },
    "pydvdid": {
      "flake": false,
      "locked": {
        "lastModified": 1516844103,
        "narHash": "sha256-PuhkXu62bc/9n2swaKe/O759xCyJ3LrHCJISbWzSUtk=",
        "owner": "sjwood",
        "repo": "pydvdid",
        "rev": "03914fb7e24283c445e5af724f9d919b23caaf95",
        "type": "github"
      },
      "original": {
        "owner": "sjwood",
        "ref": "v1.1",
        "repo": "pydvdid",
        "type": "github"
      }
    },
    "root": {
      "inputs": {
        "automatic-ripping-machine": "automatic-ripping-machine",
        "fasttext-lid": "fasttext-lid",
        "forge-src": "forge-src",
        "home-assistant-card-scheduler": "home-assistant-card-scheduler",
        "home-assistant-component-scheduler": "home-assistant-component-scheduler",
        "home-assistant-lovelace-module-material-you": "home-assistant-lovelace-module-material-you",
        "home-assistant-material-symbols": "home-assistant-material-symbols",
        "home-assistant-node-red": "home-assistant-node-red",
        "home-assistant-theme-material-you": "home-assistant-theme-material-you",
        "hydrui": "hydrui",
        "hydrus": "hydrus",
        "localtuya": "localtuya",
        "nix-index-database": "nix-index-database",
        "nix-vscode-extensions": "nix-vscode-extensions",
        "nixos-hardware-warmplace": "nixos-hardware-warmplace",
        "nixos-hardware-zerosum": "nixos-hardware-zerosum",
        "nixos-wsl": "nixos-wsl",
        "nixpkgs": "nixpkgs_4",
        "nixpkgs-unstable": "nixpkgs-unstable",
        "searxng-src": "searxng-src"
      }
    },
    "searxng-src": {
      "flake": false,
      "locked": {
        "lastModified": 1788237925,
        "narHash": "sha256-norMJOmjWehW4n/f0mI33md/4QZgwDUgPxI7OUcoQfY=",
        "owner": "vojkovic",
        "repo": "searxng",
        "rev": "5bc96af5331134d253fdcc6bc4659d94cbce5d89",
        "type": "github"
      },
      "original": {
        "owner": "vojkovic",
        "ref": "cffi",
        "repo": "searxng",
        "type": "github"
      }
    },
    "systems": {
      "locked": {
        "lastModified": 1681028828,
        "narHash": "sha256-Vy1rq5AaRuLzOxct8nz4T6wlgyUR7zLU309k9mBC768=",
        "owner": "nix-systems",
        "repo": "default",
        "rev": "da67096a3b9bf56a91d16901293e51ba5b49a27e",
        "type": "github"
      },
      "original": {
        "owner": "nix-systems",
        "repo": "default",
        "type": "github"
      }
    }
  },
  "root": "root",
  "version": 7
}
