{
  "nodes": {
    "automatic-ripping-machine": {
      "inputs": {
        "nixpkgs": "nixpkgs",
        "pydvdid": "pydvdid"
      },
      "locked": {
        "dir": "nixos",
        "lastModified": 1778054844,
        "narHash": "sha256-5SVtk7snFq+yZdMS+8ZuZbtyEOHokfMU6TK1zX+5y3k=",
        "owner": "xieve",
        "repo": "automatic-ripping-machine",
        "rev": "76effcc6f1694f9a24b9b8a9565c2d19bb14188b",
        "type": "github"
      },
      "original": {
        "dir": "nixos",
        "owner": "xieve",
        "ref": "dev",
        "repo": "automatic-ripping-machine",
        "type": "github"
      }
    },
    "fasttext-lid": {
      "flake": false,
      "locked": {
        "narHash": "sha256-VaSq/ck96YaT7VJmkYnBRbqfsq1DaDnDV09/YnZSeJA=",
        "type": "file",
        "url": "https://dl.fbaipublicfiles.com/fasttext/supervised-models/lid.176.bin"
      },
      "original": {
        "type": "file",
        "url": "https://dl.fbaipublicfiles.com/fasttext/supervised-models/lid.176.bin"
      }
    },
    "flake-compat": {
      "locked": {
        "lastModified": 1733328505,
        "narHash": "sha256-NeCCThCEP3eCl2l/+27kNNK7QrwZB1IJCrXfrbv5oqU=",
        "rev": "ff81ac966bb2cae68946d5ed5fc4994f96d0ffec",
        "revCount": 69,
        "type": "tarball",
        "url": "https://api.flakehub.com/f/pinned/edolstra/flake-compat/1.1.0/01948eb7-9cba-704f-bbf3-3fa956735b52/source.tar.gz"
      },
      "original": {
        "type": "tarball",
        "url": "https://flakehub.com/f/edolstra/flake-compat/1.tar.gz"
      }
    },
    "flake-compat_2": {
      "flake": false,
      "locked": {
        "lastModified": 1767039857,
        "narHash": "sha256-vNpUSpF5Nuw8xvDLj2KCwwksIbjua2LZCqhV1LNRDns=",
        "owner": "edolstra",
        "repo": "flake-compat",
        "rev": "5edf11c44bc78a0d334f6334cdaf7d60d732daab",
        "type": "github"
      },
      "original": {
        "owner": "edolstra",
        "repo": "flake-compat",
        "type": "github"
      }
    },
    "flake-utils": {
      "inputs": {
        "systems": "systems"
      },
      "locked": {
        "lastModified": 1731533236,
        "narHash": "sha256-l0KFg5HjrsfsO/JpG+r7fRrqm12kzFHyUHqHCVpMMbI=",
        "owner": "numtide",
        "repo": "flake-utils",
        "rev": "11707dc2f618dd54ca8739b309ec4fc024de578b",
        "type": "github"
      },
      "original": {
        "owner": "numtide",
        "repo": "flake-utils",
        "type": "github"
      }
    },
    "forge-src": {
      "flake": false,
      "locked": {
        "lastModified": 1775787465,
        "narHash": "sha256-73sseIlgDywcRaKg3eCc8KqAtoFSjmUsiidyO5gC9hg=",
        "owner": "forge-ext",
        "repo": "forge",
        "rev": "7072133393af19e6b8ac729faf846917d77c321a",
        "type": "github"
      },
      "original": {
        "owner": "forge-ext",
        "repo": "forge",
        "rev": "7072133393af19e6b8ac729faf846917d77c321a",
        "type": "github"
      }
    },
    "home-assistant-card-scheduler": {
      "flake": false,
      "locked": {
        "lastModified": 1778562186,
        "narHash": "sha256-hxoVds650qcwiwi/9n62A6/jS6AmuaIEssBOU6H8GHo=",
        "owner": "nielsfaber",
        "repo": "scheduler-card",
        "rev": "8eeb7ab91bbb593974bd7de003285bace93a344e",
        "type": "github"
      },
      "original": {
        "owner": "nielsfaber",
        "repo": "scheduler-card",
        "type": "github"
      }
    },
    "home-assistant-component-scheduler": {
      "flake": false,
      "locked": {
        "lastModified": 1772350071,
        "narHash": "sha256-nb8KFTsZJduIt8E76NXvvKToOO1qinNsuRxkdn+/YE4=",
        "owner": "nielsfaber",
        "repo": "scheduler-component",
        "rev": "71cab7b7b76502b7f30b202463e3d89b7eff7ad6",
        "type": "github"
      },
      "original": {
        "owner": "nielsfaber",
        "repo": "scheduler-component",
        "type": "github"
      }
    },
    "home-assistant-lovelace-module-material-you": {
      "flake": false,
      "locked": {
        "lastModified": 1780706286,
        "narHash": "sha256-fqs2+OEBOJDO3Y3QO7+R93TCNg+FooZVgilTxcDcNjo=",
        "owner": "Nerwyn",
        "repo": "material-you-utilities",
        "rev": "60b7e3632e03160ca2e2e55573557f62da7d0b37",
        "type": "github"
      },
      "original": {
        "owner": "Nerwyn",
        "repo": "material-you-utilities",
        "type": "github"
      }
    },
    "home-assistant-material-symbols": {
      "flake": false,
      "locked": {
        "lastModified": 1781406433,
        "narHash": "sha256-Dv2m4yvkt3G8XQH4i5YGr0WtNaMRKBJVeBBbOz4+j7I=",
        "owner": "beecho01",
        "repo": "material-symbols",
        "rev": "2e501a1dc4774e3c88a805fa91780694eb057e11",
        "type": "github"
      },
      "original": {
        "owner": "beecho01",
        "repo": "material-symbols",
        "type": "github"
      }
    },
    "home-assistant-node-red": {
      "flake": false,
      "locked": {
        "lastModified": 1772557792,
        "narHash": "sha256-LOYcyoGwqAe/ufBpYFGJH6wjIKEnMS59LmOeokwsd0w=",
        "owner": "zachowj",
        "repo": "hass-node-red",
        "rev": "3cde8beaa71fc0c1206113135f10a82b0ad5ee81",
        "type": "github"
      },
      "original": {
        "owner": "zachowj",
        "repo": "hass-node-red",
        "type": "github"
      }
    },
    "home-assistant-theme-material-you": {
      "flake": false,
      "locked": {
        "lastModified": 1780704454,
        "narHash": "sha256-UxmVxUVCOE4ohD2l0bS/L9LZbEpX1b2Dd0q5jTNcFnc=",
        "owner": "Nerwyn",
        "repo": "material-rounded-theme",
        "rev": "d6dca62b60005b3b6686d404fcccb483e700aea4",
        "type": "github"
      },
      "original": {
        "owner": "Nerwyn",
        "repo": "material-rounded-theme",
        "type": "github"
      }
    },
    "hydrui": {
      "inputs": {
        "flake-utils": "flake-utils",
        "nixpkgs": [
          "nixpkgs"
        ]
      },
      "locked": {
        "lastModified": 1779256269,
        "narHash": "sha256-2MhiKBCu/CB0iIbErqf4P5sMdsBmc/QKQSicr/97lBI=",
        "owner": "hydrui",
        "repo": "hydrui",
        "rev": "2bf54feaa84077ee7f5482737b2fcaadc8a75aba",
        "type": "github"
      },
      "original": {
        "owner": "hydrui",
        "repo": "hydrui",
        "type": "github"
      }
    },
    "hydrus": {
      "inputs": {
        "flake-compat": "flake-compat",
        "nixpkgs": [
          "nixpkgs"
        ]
      },
      "locked": {
        "lastModified": 1781637285,
        "narHash": "sha256-R5jEde2GLoCdYfhUoEDTUCHdOGxvHbpeafWjKwEr9P0=",
        "owner": "hydrui",
        "repo": "hydrus-nix",
        "rev": "ad4762e5960180139726e8b5eb8d4bd7ae386c9b",
        "type": "github"
      },
      "original": {
        "owner": "hydrui",
        "repo": "hydrus-nix",
        "type": "github"
      }
    },
    "localtuya": {
      "flake": false,
      "locked": {
        "lastModified": 1769684576,
        "narHash": "sha256-PmgyKjmEeBXz676ev24JemruCzj2OpVMBUfZv1HIxaM=",
        "owner": "rospogrigio",
        "repo": "localtuya",
        "rev": "59c95cd06c2696afc98f6bc52d5fa060f3c517da",
        "type": "github"
      },
      "original": {
        "owner": "rospogrigio",
        "repo": "localtuya",
        "type": "github"
      }
    },
    "nix-index-database": {
      "inputs": {
        "nixpkgs": [
          "nixpkgs"
        ]
      },
      "locked": {
        "lastModified": 1781422160,
        "narHash": "sha256-W7S8O86bVrw2gaomEwkHStOzmPpnFIHQ6lS4Q2HffJ0=",
        "owner": "nix-community",
        "repo": "nix-index-database",
        "rev": "854d04e2368fb2e9c328a36b3c0a04cd713bfae1",
        "type": "github"
      },
      "original": {
        "owner": "nix-community",
        "repo": "nix-index-database",
        "type": "github"
      }
    },
    "nix-vscode-extensions": {
      "inputs": {
        "nixpkgs": "nixpkgs_2"
      },
      "locked": {
        "lastModified": 1781671561,
        "narHash": "sha256-EtzMoOfmlprE9pAea6gx8UN+/LrYZ7Dhs8uLXOKqhgo=",
        "owner": "nix-community",
        "repo": "nix-vscode-extensions",
        "rev": "8202100a2b8c33a5cb40a559ca4750c5f855aaf1",
        "type": "github"
      },
      "original": {
        "owner": "nix-community",
        "repo": "nix-vscode-extensions",
        "type": "github"
      }
    },
    "nixos-hardware-warmplace": {
      "locked": {
        "lastModified": 1736237814,
        "narHash": "sha256-uTdscVaKjnRnBIMuu/oWwdiGhYd/JOQ4YZGHeCoroqs=",
        "owner": "nixos",
        "repo": "nixos-hardware",
        "rev": "ca30f8501ab452ca687a7fdcb2d43e1fb1732317",
        "type": "github"
      },
      "original": {
        "owner": "nixos",
        "repo": "nixos-hardware",
        "rev": "ca30f8501ab452ca687a7fdcb2d43e1fb1732317",
        "type": "github"
      }
    },
    "nixos-hardware-zerosum": {
      "locked": {
        "lastModified": 1775928525,
        "narHash": "sha256-2Z+NLTIcG8jMbVG9ZgB7w2wM7LVT2wC6chJIEHp848A=",
        "owner": "nixos",
        "repo": "nixos-hardware",
        "rev": "7dd4ad06e9b42c2de422a082f0b7d1dbe8aff1d3",
        "type": "github"
      },
      "original": {
        "owner": "nixos",
        "repo": "nixos-hardware",
        "rev": "7dd4ad06e9b42c2de422a082f0b7d1dbe8aff1d3",
        "type": "github"
      }
    },
    "nixos-wsl": {
      "inputs": {
        "flake-compat": "flake-compat_2",
        "nixpkgs": "nixpkgs_3"
      },
      "locked": {
        "lastModified": 1781182279,
        "narHash": "sha256-V5EQQbDnmdiXGQXrEF1PEL7QYsFqfH8N1E89Z5ONwFk=",
        "owner": "nix-community",
        "repo": "NixOS-WSL",
        "rev": "5675822ba756e6e56f8f6a5a76e90e0da2ece94d",
        "type": "github"
      },
      "original": {
        "owner": "nix-community",
        "repo": "NixOS-WSL",
        "type": "github"
      }
    },
    "nixpkgs": {
      "locked": {
        "lastModified": 1770019141,
        "narHash": "sha256-VKS4ZLNx4PNrABoB0L8KUpc1fE7CLpQXQs985tGfaCU=",
        "owner": "nixos",
        "repo": "nixpkgs",
        "rev": "cb369ef2efd432b3cdf8622b0ffc0a97a02f3137",
        "type": "github"
      },
      "original": {
        "owner": "nixos",
        "ref": "nixos-unstable",
        "repo": "nixpkgs",
        "type": "github"
      }
    },
    "nixpkgs-stable": {
      "locked": {
        "lastModified": 1781577229,
        "narHash": "sha256-lrp67w8AulE9Ks53n27I45ADSzbOCn4H+CNW1Ck8B+8=",
        "owner": "nixos",
        "repo": "nixpkgs",
        "rev": "567a49d1913ce81ac6e9582e3553dd90a955875f",
        "type": "github"
      },
      "original": {
        "owner": "nixos",
        "ref": "nixos-unstable",
        "repo": "nixpkgs",
        "type": "github"
      }
    },
    "nixpkgs_2": {
      "locked": {
        "lastModified": 1777207419,
        "narHash": "sha256-V3bmPWAajDiC+1ClDOp55gianW2EyRJSJOyu1RUQibc=",
        "owner": "nixos",
        "repo": "nixpkgs",
        "rev": "a7ecea3deccfbdbf22945a89984fcc5a169da8aa",
        "type": "github"
      },
      "original": {
        "owner": "nixos",
        "repo": "nixpkgs",
        "rev": "a7ecea3deccfbdbf22945a89984fcc5a169da8aa",
        "type": "github"
      }
    },
    "nixpkgs_3": {
      "locked": {
        "lastModified": 1780243769,
        "narHash": "sha256-x5UQuRsH3MqI0U9afaXSNqzTPSeZlRLvFAav2Ux1pNw=",
        "owner": "NixOS",
        "repo": "nixpkgs",
        "rev": "331800de5053fcebacf6813adb5db9c9dca22a0c",
        "type": "github"
      },
      "original": {
        "owner": "NixOS",
        "ref": "nixos-unstable",
        "repo": "nixpkgs",
        "type": "github"
      }
    },
    "nixpkgs_4": {
      "locked": {
        "lastModified": 1781216227,
        "narHash": "sha256-9mUW6gNwoN2SWc/l0fW4svPNOulXLl8ijqKyeSOGgJE=",
        "owner": "nixos",
        "repo": "nixpkgs",
        "rev": "a0374025a863d007d98e3297f6aa46cc3141c2f0",
        "type": "github"
      },
      "original": {
        "owner": "nixos",
        "ref": "nixos-26.05",
        "repo": "nixpkgs",
        "type": "github"
      }
    },
    "pydvdid": {
      "flake": false,
      "locked": {
        "lastModified": 1516844103,
        "narHash": "sha256-PuhkXu62bc/9n2swaKe/O759xCyJ3LrHCJISbWzSUtk=",
        "owner": "sjwood",
        "repo": "pydvdid",
        "rev": "03914fb7e24283c445e5af724f9d919b23caaf95",
        "type": "github"
      },
      "original": {
        "owner": "sjwood",
        "ref": "v1.1",
        "repo": "pydvdid",
        "type": "github"
      }
    },
    "root": {
      "inputs": {
        "automatic-ripping-machine": "automatic-ripping-machine",
        "fasttext-lid": "fasttext-lid",
        "forge-src": "forge-src",
        "home-assistant-card-scheduler": "home-assistant-card-scheduler",
        "home-assistant-component-scheduler": "home-assistant-component-scheduler",
        "home-assistant-lovelace-module-material-you": "home-assistant-lovelace-module-material-you",
        "home-assistant-material-symbols": "home-assistant-material-symbols",
        "home-assistant-node-red": "home-assistant-node-red",
        "home-assistant-theme-material-you": "home-assistant-theme-material-you",
        "hydrui": "hydrui",
        "hydrus": "hydrus",
        "localtuya": "localtuya",
        "nix-index-database": "nix-index-database",
        "nix-vscode-extensions": "nix-vscode-extensions",
        "nixos-hardware-warmplace": "nixos-hardware-warmplace",
        "nixos-hardware-zerosum": "nixos-hardware-zerosum",
        "nixos-wsl": "nixos-wsl",
        "nixpkgs": "nixpkgs_4",
        "nixpkgs-stable": "nixpkgs-stable"
      }
    },
    "systems": {
      "locked": {
        "lastModified": 1681028828,
        "narHash": "sha256-Vy1rq5AaRuLzOxct8nz4T6wlgyUR7zLU309k9mBC768=",
        "owner": "nix-systems",
        "repo": "default",
        "rev": "da67096a3b9bf56a91d16901293e51ba5b49a27e",
        "type": "github"
      },
      "original": {
        "owner": "nix-systems",
        "repo": "default",
        "type": "github"
      }
    }
  },
  "root": "root",
  "version": 7
}
